#
# This file is autogenerated by pip-compile with Python 3.11
# by the following command:
#
#    pip-compile --output-file=requirements.lock requirements.in
#
annotated-doc==0.0.5
    # via fastapi
annotated-types==0.8.0
    # via pydantic
anyio==4.14.2
    # via
    #   httpx
    #   starlette
    #   watchfiles
azure-cognitiveservices-speech==1.51.1
    # via -r requirements.in
azure-core==1.41.0
    # via azure-cognitiveservices-speech
certifi==2026.7.22
    # via
    #   httpcore
    #   httpx
    #   requests
cffi==2.1.1
    # via
    #   soundcard
    #   sounddevice
charset-normalizer==3.4.9
    # via requests
click==8.4.2
    # via uvicorn
colorama==0.4.6
    # via click
comtypes==1.4.16
    # via pywinauto
fastapi==0.141.1
    # via -r requirements.in
grpcio==1.83.0
    # via qdrant-client
h11==0.16.0
    # via
    #   httpcore
    #   uvicorn
h2==4.4.1
    # via httpx
hpack==4.2.0
    # via h2
httpcore==1.0.9
    # via httpx
httptools==0.8.0
    # via uvicorn
httpx[http2]==0.28.1
    # via
    #   -r requirements.in
    #   qdrant-client
hyperframe==6.1.0
    # via h2
idna==3.18
    # via
    #   anyio
    #   httpx
    #   requests
numpy==2.4.6
    # via
    #   -r requirements.in
    #   qdrant-client
    #   soundcard
pillow==12.3.0
    # via -r requirements.in
portalocker==3.2.0
    # via qdrant-client
protobuf==7.35.1
    # via qdrant-client
pycparser==3.0
    # via cffi
pydantic==2.13.4
    # via
    #   fastapi
    #   pydantic-settings
    #   qdrant-client
pydantic-core==2.46.4
    # via pydantic
pydantic-settings==2.15.0
    # via -r requirements.in
python-dotenv==1.2.2
    # via
    #   pydantic-settings
    #   uvicorn
pywin32==312
    # via
    #   -r requirements.in
    #   portalocker
    #   pywinauto
pywinauto==0.6.9
    # via -r requirements.in
pyyaml==6.0.3
    # via uvicorn
qdrant-client==1.19.0
    # via -r requirements.in
requests==2.34.2
    # via azure-core
six==1.17.0
    # via pywinauto
soundcard==0.4.6
    # via -r requirements.in
sounddevice==0.5.5
    # via -r requirements.in
starlette==1.6.0
    # via fastapi
typing-extensions==4.16.0
    # via
    #   anyio
    #   azure-core
    #   fastapi
    #   grpcio
    #   pydantic
    #   pydantic-core
    #   starlette
    #   typing-inspection
typing-inspection==0.4.2
    # via
    #   fastapi
    #   pydantic
    #   pydantic-settings
urllib3==2.7.0
    # via
    #   qdrant-client
    #   requests
uvicorn[standard]==0.52.1
    # via -r requirements.in
watchfiles==1.2.0
    # via uvicorn
websockets==17.0.1
    # via
    #   -r requirements.in
    #   uvicorn
